// !$*UTF8*$!
{
	archiveVersion = 1;
	classes = {
	};
	objectVersion = 51;
	objects = {

/* Begin PBXBuildFile section */
		604EE4767B7EE1CFEE7862F7 /* Pods_ChatFirebase.framework in Frameworks */ = {isa = PBXBuildFile; fileRef = 524B91E4E588280CD7FD9C5F /* Pods_ChatFirebase.framework */; };
		A91117EE2318301D00EDA3E4 /* Extensions.swift in Sources */ = {isa = PBXBuildFile; fileRef = A91117ED2318301D00EDA3E4 /* Extensions.swift */; };
		A91DC66B230E3BB500FDA2AB /* GoogleService-Info.plist in Resources */ = {isa = PBXBuildFile; fileRef = A91DC66A230E3BB500FDA2AB /* GoogleService-Info.plist */; };
		A92A8B33232F0A0400EB1B73 /* ChatInputContainerView.swift in Sources */ = {isa = PBXBuildFile; fileRef = A92A8B32232F0A0400EB1B73 /* ChatInputContainerView.swift */; };
		A93E38ED23123B150052BA7F /* NewMessageController.swift in Sources */ = {isa = PBXBuildFile; fileRef = A93E38EC23123B150052BA7F /* NewMessageController.swift */; };
		A93E38F023124AC10052BA7F /* User.swift in Sources */ = {isa = PBXBuildFile; fileRef = A93E38EF23124AC10052BA7F /* User.swift */; };
		A96220DF231E226D000AA82A /* ChatMessageCell.swift in Sources */ = {isa = PBXBuildFile; fileRef = A96220DE231E226D000AA82A /* ChatMessageCell.swift */; };
		A991174B231AF3DB003D1BE5 /* ChatLogController.swift in Sources */ = {isa = PBXBuildFile; fileRef = A991174A231AF3DB003D1BE5 /* ChatLogController.swift */; };
		A99139EE23175BC300351C85 /* LoginController+handlers.swift in Sources */ = {isa = PBXBuildFile; fileRef = A99139ED23175BC300351C85 /* LoginController+handlers.swift */; };
		A9966033231C607D00C643C1 /* UserCell.swift in Sources */ = {isa = PBXBuildFile; fileRef = A9966032231C607D00C643C1 /* UserCell.swift */; };
		A9A12B03231B567200462C61 /* Message.swift in Sources */ = {isa = PBXBuildFile; fileRef = A9A12B02231B567200462C61 /* Message.swift */; };
		A9E47ED3230BA5E400A292ED /* AppDelegate.swift in Sources */ = {isa = PBXBuildFile; fileRef = A9E47ED2230BA5E400A292ED /* AppDelegate.swift */; };
		A9E47ED5230BA5E400A292ED /* MessagesController.swift in Sources */ = {isa = PBXBuildFile; fileRef = A9E47ED4230BA5E400A292ED /* MessagesController.swift */; };
		A9E47ED8230BA5E400A292ED /* Main.storyboard in Resources */ = {isa = PBXBuildFile; fileRef = A9E47ED6230BA5E400A292ED /* Main.storyboard */; };
		A9E47EDA230BA5E600A292ED /* Assets.xcassets in Resources */ = {isa = PBXBuildFile; fileRef = A9E47ED9230BA5E600A292ED /* Assets.xcassets */; };
		A9E47EDD230BA5E600A292ED /* LaunchScreen.storyboard in Resources */ = {isa = PBXBuildFile; fileRef = A9E47EDB230BA5E600A292ED /* LaunchScreen.storyboard */; };
		A9E47EE6230BAD2800A292ED /* LoginController.swift in Sources */ = {isa = PBXBuildFile; fileRef = A9E47EE5230BAD2800A292ED /* LoginController.swift */; };
/* End PBXBuildFile section */

/* Begin PBXFileReference section */
		23C3474BD0CB81C6272506EC /* Pods-ChatFirebase.debug.xcconfig */ = {isa = PBXFileReference; includeInIndex = 1; lastKnownFileType = text.xcconfig; name = "Pods-ChatFirebase.debug.xcconfig"; path = "Target Support Files/Pods-ChatFirebase/Pods-ChatFirebase.debug.xcconfig"; sourceTree = "<group>"; };
		524B91E4E588280CD7FD9C5F /* Pods_ChatFirebase.framework */ = {isa = PBXFileReference; explicitFileType = wrapper.framework; includeInIndex = 0; path = Pods_ChatFirebase.framework; sourceTree = BUILT_PRODUCTS_DIR; };
		8F7F75DA06E96DD33E3CDDC1 /* Pods-ChatFirebase.release.xcconfig */ = {isa = PBXFileReference; includeInIndex = 1; lastKnownFileType = text.xcconfig; name = "Pods-ChatFirebase.release.xcconfig"; path = "Target Support Files/Pods-ChatFirebase/Pods-ChatFirebase.release.xcconfig"; sourceTree = "<group>"; };
		A91117ED2318301D00EDA3E4 /* Extensions.swift */ = {isa = PBXFileReference; lastKnownFileType = sourcecode.swift; path = Extensions.swift; sourceTree = "<group>"; };
		A915188B233039E70076C09B /* ChatFirebase.entitlements */ = {isa = PBXFileReference; lastKnownFileType = text.plist.entitlements; path = ChatFirebase.entitlements; sourceTree = "<group>"; };
		A91DC66A230E3BB500FDA2AB /* GoogleService-Info.plist */ = {isa = PBXFileReference; fileEncoding = 4; lastKnownFileType = text.plist.xml; path = "GoogleService-Info.plist"; sourceTree = "<group>"; };
		A92A8B32232F0A0400EB1B73 /* ChatInputContainerView.swift */ = {isa = PBXFileReference; lastKnownFileType = sourcecode.swift; path = ChatInputContainerView.swift; sourceTree = "<group>"; };
		A93E38EC23123B150052BA7F /* NewMessageController.swift */ = {isa = PBXFileReference; lastKnownFileType = sourcecode.swift; path = NewMessageController.swift; sourceTree = "<group>"; };
		A93E38EF23124AC10052BA7F /* User.swift */ = {isa = PBXFileReference; lastKnownFileType = sourcecode.swift; path = User.swift; sourceTree = "<group>"; };
		A96220DE231E226D000AA82A /* ChatMessageCell.swift */ = {isa = PBXFileReference; lastKnownFileType = sourcecode.swift; path = ChatMessageCell.swift; sourceTree = "<group>"; };
		A991174A231AF3DB003D1BE5 /* ChatLogController.swift */ = {isa = PBXFileReference; lastKnownFileType = sourcecode.swift; path = ChatLogController.swift; sourceTree = "<group>"; };
		A99139ED23175BC300351C85 /* LoginController+handlers.swift */ = {isa = PBXFileReference; lastKnownFileType = sourcecode.swift; path = "LoginController+handlers.swift"; sourceTree = "<group>"; };
		A9966032231C607D00C643C1 /* UserCell.swift */ = {isa = PBXFileReference; lastKnownFileType = sourcecode.swift; path = UserCell.swift; sourceTree = "<group>"; };
		A9A12B02231B567200462C61 /* Message.swift */ = {isa = PBXFileReference; lastKnownFileType = sourcecode.swift; path = Message.swift; sourceTree = "<group>"; };
		A9E47ECF230BA5E400A292ED /* ChatFirebase.app */ = {isa = PBXFileReference; explicitFileType = wrapper.application; includeInIndex = 0; path = ChatFirebase.app; sourceTree = BUILT_PRODUCTS_DIR; };
		A9E47ED2230BA5E400A292ED /* AppDelegate.swift */ = {isa = PBXFileReference; lastKnownFileType = sourcecode.swift; path = AppDelegate.swift; sourceTree = "<group>"; };
		A9E47ED4230BA5E400A292ED /* MessagesController.swift */ = {isa = PBXFileReference; lastKnownFileType = sourcecode.swift; path = MessagesController.swift; sourceTree = "<group>"; };
		A9E47ED7230BA5E400A292ED /* Base */ = {isa = PBXFileReference; lastKnownFileType = file.storyboard; name = Base; path = Base.lproj/Main.storyboard; sourceTree = "<group>"; };
		A9E47ED9230BA5E600A292ED /* Assets.xcassets */ = {isa = PBXFileReference; lastKnownFileType = folder.assetcatalog; path = Assets.xcassets; sourceTree = "<group>"; };
		A9E47EDC230BA5E600A292ED /* Base */ = {isa = PBXFileReference; lastKnownFileType = file.storyboard; name = Base; path = Base.lproj/LaunchScreen.storyboard; sourceTree = "<group>"; };
		A9E47EDE230BA5E600A292ED /* Info.plist */ = {isa = PBXFileReference; lastKnownFileType = text.plist.xml; path = Info.plist; sourceTree = "<group>"; };
		A9E47EE5230BAD2800A292ED /* LoginController.swift */ = {isa = PBXFileReference; lastKnownFileType = sourcecode.swift; path = LoginController.swift; sourceTree = "<group>"; };
/* End PBXFileReference section */

/* Begin PBXFrameworksBuildPhase section */
		A9E47ECC230BA5E400A292ED /* Frameworks */ = {
			isa = PBXFrameworksBuildPhase;
			buildActionMask = 2147483647;
			files = (
				604EE4767B7EE1CFEE7862F7 /* Pods_ChatFirebase.framework in Frameworks */,
			);
			runOnlyForDeploymentPostprocessing = 0;
		};
/* End PBXFrameworksBuildPhase section */

/* Begin PBXGroup section */
		A91117EC23182FF200EDA3E4 /* Helpers */ = {
			isa = PBXGroup;
			children = (
				A91117ED2318301D00EDA3E4 /* Extensions.swift */,
			);
			path = Helpers;
			sourceTree = "<group>";
		};
		A93E38EE23124A930052BA7F /* Model */ = {
			isa = PBXGroup;
			children = (
				A93E38EF23124AC10052BA7F /* User.swift */,
				A9A12B02231B567200462C61 /* Message.swift */,
			);
			path = Model;
			sourceTree = "<group>";
		};
		A9966031231C5FE600C643C1 /* View */ = {
			isa = PBXGroup;
			children = (
				A9966032231C607D00C643C1 /* UserCell.swift */,
				A96220DE231E226D000AA82A /* ChatMessageCell.swift */,
				A92A8B32232F0A0400EB1B73 /* ChatInputContainerView.swift */,
			);
			path = View;
			sourceTree = "<group>";
		};
		A9E47EC6230BA5E400A292ED = {
			isa = PBXGroup;
			children = (
				A9E47ED1230BA5E400A292ED /* ChatFirebase */,
				A9E47ED0230BA5E400A292ED /* Products */,
				D394B624CE5B24DD85E11DAF /* Pods */,
				D3D71A862424195851A1E606 /* Frameworks */,
			);
			sourceTree = "<group>";
		};
		A9E47ED0230BA5E400A292ED /* Products */ = {
			isa = PBXGroup;
			children = (
				A9E47ECF230BA5E400A292ED /* ChatFirebase.app */,
			);
			name = Products;
			sourceTree = "<group>";
		};
		A9E47ED1230BA5E400A292ED /* ChatFirebase */ = {
			isa = PBXGroup;
			children = (
				A915188B233039E70076C09B /* ChatFirebase.entitlements */,
				A91117EC23182FF200EDA3E4 /* Helpers */,
				A93E38EE23124A930052BA7F /* Model */,
				A9966031231C5FE600C643C1 /* View */,
				A9E47EE4230BACCC00A292ED /* Controller */,
				A9E47ED2230BA5E400A292ED /* AppDelegate.swift */,
				A9E47ED6230BA5E400A292ED /* Main.storyboard */,
				A9E47ED9230BA5E600A292ED /* Assets.xcassets */,
				A9E47EDB230BA5E600A292ED /* LaunchScreen.storyboard */,
				A9E47EDE230BA5E600A292ED /* Info.plist */,
				A91DC66A230E3BB500FDA2AB /* GoogleService-Info.plist */,
			);
			path = ChatFirebase;
			sourceTree = "<group>";
		};
		A9E47EE4230BACCC00A292ED /* Controller */ = {
			isa = PBXGroup;
			children = (
				A9E47EE5230BAD2800A292ED /* LoginController.swift */,
				A99139ED23175BC300351C85 /* LoginController+handlers.swift */,
				A9E47ED4230BA5E400A292ED /* MessagesController.swift */,
				A93E38EC23123B150052BA7F /* NewMessageController.swift */,
				A991174A231AF3DB003D1BE5 /* ChatLogController.swift */,
			);
			path = Controller;
			sourceTree = "<group>";
		};
		D394B624CE5B24DD85E11DAF /* Pods */ = {
			isa = PBXGroup;
			children = (
				23C3474BD0CB81C6272506EC /* Pods-ChatFirebase.debug.xcconfig */,
				8F7F75DA06E96DD33E3CDDC1 /* Pods-ChatFirebase.release.xcconfig */,
			);
			path = Pods;
			sourceTree = "<group>";
		};
		D3D71A862424195851A1E606 /* Frameworks */ = {
			isa = PBXGroup;
			children = (
				524B91E4E588280CD7FD9C5F /* Pods_ChatFirebase.framework */,
			);
			name = Frameworks;
			sourceTree = "<group>";
		};
/* End PBXGroup section */

/* Begin PBXNativeTarget section */
		A9E47ECE230BA5E400A292ED /* ChatFirebase */ = {
			isa = PBXNativeTarget;
			buildConfigurationList = A9E47EE1230BA5E600A292ED /* Build configuration list for PBXNativeTarget "ChatFirebase" */;
			buildPhases = (
				237E34095277C474F46DF02A /* [CP] Check Pods Manifest.lock */,
				A9E47ECB230BA5E400A292ED /* Sources */,
				A9E47ECC230BA5E400A292ED /* Frameworks */,
				A9E47ECD230BA5E400A292ED /* Resources */,
				D313B5EC10B3BCE9E158A52C /* [CP] Embed Pods Frameworks */,
			);
			buildRules = (
			);
			dependencies = (
			);
			name = ChatFirebase;
			productName = ChatFirebase;
			productReference = A9E47ECF230BA5E400A292ED /* ChatFirebase.app */;
			productType = "com.apple.product-type.application";
		};
/* End PBXNativeTarget section */

/* Begin PBXProject section */
		A9E47EC7230BA5E400A292ED /* Project object */ = {
			isa = PBXProject;
			attributes = {
				LastSwiftUpdateCheck = 1030;
				LastUpgradeCheck = 1030;
				ORGANIZATIONNAME = Alejandro;
				TargetAttributes = {
					A9E47ECE230BA5E400A292ED = {
						CreatedOnToolsVersion = 10.3;
						SystemCapabilities = {
							com.apple.Keychain = {
								enabled = 1;
							};
						};
					};
				};
			};
			buildConfigurationList = A9E47ECA230BA5E400A292ED /* Build configuration list for PBXProject "ChatFirebase" */;
			compatibilityVersion = "Xcode 9.3";
			developmentRegion = en;
			hasScannedForEncodings = 0;
			knownRegions = (
				en,
				Base,
			);
			mainGroup = A9E47EC6230BA5E400A292ED;
			productRefGroup = A9E47ED0230BA5E400A292ED /* Products */;
			projectDirPath = "";
			projectRoot = "";
			targets = (
				A9E47ECE230BA5E400A292ED /* ChatFirebase */,
			);
		};
/* End PBXProject section */

/* Begin PBXResourcesBuildPhase section */
		A9E47ECD230BA5E400A292ED /* Resources */ = {
			isa = PBXResourcesBuildPhase;
			buildActionMask = 2147483647;
			files = (
				A9E47EDD230BA5E600A292ED /* LaunchScreen.storyboard in Resources */,
				A91DC66B230E3BB500FDA2AB /* GoogleService-Info.plist in Resources */,
				A9E47EDA230BA5E600A292ED /* Assets.xcassets in Resources */,
				A9E47ED8230BA5E400A292ED /* Main.storyboard in Resources */,
			);
			runOnlyForDeploymentPostprocessing = 0;
		};
/* End PBXResourcesBuildPhase section */

/* Begin PBXShellScriptBuildPhase section */
		237E34095277C474F46DF02A /* [CP] Check Pods Manifest.lock */ = {
			isa = PBXShellScriptBuildPhase;
			buildActionMask = 2147483647;
			files = (
			);
			inputFileListPaths = (
			);
			inputPaths = (
				"${PODS_PODFILE_DIR_PATH}/Podfile.lock",
				"${PODS_ROOT}/Manifest.lock",
			);
			name = "[CP] Check Pods Manifest.lock";
			outputFileListPaths = (
			);
			outputPaths = (
				"$(DERIVED_FILE_DIR)/Pods-ChatFirebase-checkManifestLockResult.txt",
			);
			runOnlyForDeploymentPostprocessing = 0;
			shellPath = /bin/sh;
			shellScript = "diff \"${PODS_PODFILE_DIR_PATH}/Podfile.lock\" \"${PODS_ROOT}/Manifest.lock\" > /dev/null\nif [ $? != 0 ] ; then\n    # print error to STDERR\n    echo \"error: The sandbox is not in sync with the Podfile.lock. Run 'pod install' or update your CocoaPods installation.\" >&2\n    exit 1\nfi\n# This output is used by Xcode 'outputs' to avoid re-running this script phase.\necho \"SUCCESS\" > \"${SCRIPT_OUTPUT_FILE_0}\"\n";
			showEnvVarsInLog = 0;
		};
		D313B5EC10B3BCE9E158A52C /* [CP] Embed Pods Frameworks */ = {
			isa = PBXShellScriptBuildPhase;
			buildActionMask = 2147483647;
			files = (
			);
			inputFileListPaths = (
				"${PODS_ROOT}/Target Support Files/Pods-ChatFirebase/Pods-ChatFirebase-frameworks-${CONFIGURATION}-input-files.xcfilelist",
			);
			name = "[CP] Embed Pods Frameworks";
			outputFileListPaths = (
				"${PODS_ROOT}/Target Support Files/Pods-ChatFirebase/Pods-ChatFirebase-frameworks-${CONFIGURATION}-output-files.xcfilelist",
			);
			runOnlyForDeploymentPostprocessing = 0;
			shellPath = /bin/sh;
			shellScript = "\"${PODS_ROOT}/Target Support Files/Pods-ChatFirebase/Pods-ChatFirebase-frameworks.sh\"\n";
			showEnvVarsInLog = 0;
		};
/* End PBXShellScriptBuildPhase section */

/* Begin PBXSourcesBuildPhase section */
		A9E47ECB230BA5E400A292ED /* Sources */ = {
			isa = PBXSourcesBuildPhase;
			buildActionMask = 2147483647;
			files = (
				A991174B231AF3DB003D1BE5 /* ChatLogController.swift in Sources */,
				A92A8B33232F0A0400EB1B73 /* ChatInputContainerView.swift in Sources */,
				A93E38ED23123B150052BA7F /* NewMessageController.swift in Sources */,
				A9E47EE6230BAD2800A292ED /* LoginController.swift in Sources */,
				A9A12B03231B567200462C61 /* Message.swift in Sources */,
				A99139EE23175BC300351C85 /* LoginController+handlers.swift in Sources */,
				A9E47ED5230BA5E400A292ED /* MessagesController.swift in Sources */,
				A93E38F023124AC10052BA7F /* User.swift in Sources */,
				A96220DF231E226D000AA82A /* ChatMessageCell.swift in Sources */,
				A9E47ED3230BA5E400A292ED /* AppDelegate.swift in Sources */,
				A9966033231C607D00C643C1 /* UserCell.swift in Sources */,
				A91117EE2318301D00EDA3E4 /* Extensions.swift in Sources */,
			);
			runOnlyForDeploymentPostprocessing = 0;
		};
/* End PBXSourcesBuildPhase section */

/* Begin PBXVariantGroup section */
		A9E47ED6230BA5E400A292ED /* Main.storyboard */ = {
			isa = PBXVariantGroup;
			children = (
				A9E47ED7230BA5E400A292ED /* Base */,
			);
			name = Main.storyboard;
			sourceTree = "<group>";
		};
		A9E47EDB230BA5E600A292ED /* LaunchScreen.storyboard */ = {
			isa = PBXVariantGroup;
			children = (
				A9E47EDC230BA5E600A292ED /* Base */,
			);
			name = LaunchScreen.storyboard;
			sourceTree = "<group>";
		};
/* End PBXVariantGroup section */

/* Begin XCBuildConfiguration section */
		A9E47EDF230BA5E600A292ED /* Debug */ = {
			isa = XCBuildConfiguration;
			buildSettings = {
				ALWAYS_SEARCH_USER_PATHS = NO;
				CLANG_ANALYZER_NONNULL = YES;
				CLANG_ANALYZER_NUMBER_OBJECT_CONVERSION = YES_AGGRESSIVE;
				CLANG_CXX_LANGUAGE_STANDARD = "gnu++14";
				CLANG_CXX_LIBRARY = "libc++";
				CLANG_ENABLE_MODULES = YES;
				CLANG_ENABLE_OBJC_ARC = YES;
				CLANG_ENABLE_OBJC_WEAK = YES;
				CLANG_WARN_BLOCK_CAPTURE_AUTORELEASING = YES;
				CLANG_WARN_BOOL_CONVERSION = YES;
				CLANG_WARN_COMMA = YES;
				CLANG_WARN_CONSTANT_CONVERSION = YES;
				CLANG_WARN_DEPRECATED_OBJC_IMPLEMENTATIONS = YES;
				CLANG_WARN_DIRECT_OBJC_ISA_USAGE = YES_ERROR;
				CLANG_WARN_DOCUMENTATION_COMMENTS = YES;
				CLANG_WARN_EMPTY_BODY = YES;
				CLANG_WARN_ENUM_CONVERSION = YES;
				CLANG_WARN_INFINITE_RECURSION = YES;
				CLANG_WARN_INT_CONVERSION = YES;
				CLANG_WARN_NON_LITERAL_NULL_CONVERSION = YES;
				CLANG_WARN_OBJC_IMPLICIT_RETAIN_SELF = YES;
				CLANG_WARN_OBJC_LITERAL_CONVERSION = YES;
				CLANG_WARN_OBJC_ROOT_CLASS = YES_ERROR;
				CLANG_WARN_RANGE_LOOP_ANALYSIS = YES;
				CLANG_WARN_STRICT_PROTOTYPES = YES;
				CLANG_WARN_SUSPICIOUS_MOVE = YES;
				CLANG_WARN_UNGUARDED_AVAILABILITY = YES_AGGRESSIVE;
				CLANG_WARN_UNREACHABLE_CODE = YES;
				CLANG_WARN__DUPLICATE_METHOD_MATCH = YES;
				CODE_SIGN_IDENTITY = "iPhone Developer";
				COPY_PHASE_STRIP = NO;
				DEBUG_INFORMATION_FORMAT = dwarf;
				ENABLE_STRICT_OBJC_MSGSEND = YES;
				ENABLE_TESTABILITY = YES;
				GCC_C_LANGUAGE_STANDARD = gnu11;
				GCC_DYNAMIC_NO_PIC = NO;
				GCC_NO_COMMON_BLOCKS = YES;
				GCC_OPTIMIZATION_LEVEL = 0;
				GCC_PREPROCESSOR_DEFINITIONS = (
					"DEBUG=1",
					"$(inherited)",
				);
				GCC_WARN_64_TO_32_BIT_CONVERSION = YES;
				GCC_WARN_ABOUT_RETURN_TYPE = YES_ERROR;
				GCC_WARN_UNDECLARED_SELECTOR = YES;
				GCC_WARN_UNINITIALIZED_AUTOS = YES_AGGRESSIVE;
				GCC_WARN_UNUSED_FUNCTION = YES;
				GCC_WARN_UNUSED_VARIABLE = YES;
				IPHONEOS_DEPLOYMENT_TARGET = 12.4;
				MTL_ENABLE_DEBUG_INFO = INCLUDE_SOURCE;
				MTL_FAST_MATH = YES;
				ONLY_ACTIVE_ARCH = YES;
				SDKROOT = iphoneos;
				SWIFT_ACTIVE_COMPILATION_CONDITIONS = DEBUG;
				SWIFT_OPTIMIZATION_LEVEL = "-Onone";
			};
			name = Debug;
		};
		A9E47EE0230BA5E600A292ED /* Release */ = {
			isa = XCBuildConfiguration;
			buildSettings = {
				ALWAYS_SEARCH_USER_PATHS = NO;
				CLANG_ANALYZER_NONNULL = YES;
				CLANG_ANALYZER_NUMBER_OBJECT_CONVERSION = YES_AGGRESSIVE;
				CLANG_CXX_LANGUAGE_STANDARD = "gnu++14";
				CLANG_CXX_LIBRARY = "libc++";
				CLANG_ENABLE_MODULES = YES;
				CLANG_ENABLE_OBJC_ARC = YES;
				CLANG_ENABLE_OBJC_WEAK = YES;
				CLANG_WARN_BLOCK_CAPTURE_AUTORELEASING = YES;
				CLANG_WARN_BOOL_CONVERSION = YES;
				CLANG_WARN_COMMA = YES;
				CLANG_WARN_CONSTANT_CONVERSION = YES;
				CLANG_WARN_DEPRECATED_OBJC_IMPLEMENTATIONS = YES;
				CLANG_WARN_DIRECT_OBJC_ISA_USAGE = YES_ERROR;
				CLANG_WARN_DOCUMENTATION_COMMENTS = YES;
				CLANG_WARN_EMPTY_BODY = YES;
				CLANG_WARN_ENUM_CONVERSION = YES;
				CLANG_WARN_INFINITE_RECURSION = YES;
				CLANG_WARN_INT_CONVERSION = YES;
				CLANG_WARN_NON_LITERAL_NULL_CONVERSION = YES;
				CLANG_WARN_OBJC_IMPLICIT_RETAIN_SELF = YES;
				CLANG_WARN_OBJC_LITERAL_CONVERSION = YES;
				CLANG_WARN_OBJC_ROOT_CLASS = YES_ERROR;
				CLANG_WARN_RANGE_LOOP_ANALYSIS = YES;
				CLANG_WARN_STRICT_PROTOTYPES = YES;
				CLANG_WARN_SUSPICIOUS_MOVE = YES;
				CLANG_WARN_UNGUARDED_AVAILABILITY = YES_AGGRESSIVE;
				CLANG_WARN_UNREACHABLE_CODE = YES;
				CLANG_WARN__DUPLICATE_METHOD_MATCH = YES;
				CODE_SIGN_IDENTITY = "iPhone Developer";
				COPY_PHASE_STRIP = NO;
				DEBUG_INFORMATION_FORMAT = "dwarf-with-dsym";
				ENABLE_NS_ASSERTIONS = NO;
				ENABLE_STRICT_OBJC_MSGSEND = YES;
				GCC_C_LANGUAGE_STANDARD = gnu11;
				GCC_NO_COMMON_BLOCKS = YES;
				GCC_WARN_64_TO_32_BIT_CONVERSION = YES;
				GCC_WARN_ABOUT_RETURN_TYPE = YES_ERROR;
				GCC_WARN_UNDECLARED_SELECTOR = YES;
				GCC_WARN_UNINITIALIZED_AUTOS = YES_AGGRESSIVE;
				GCC_WARN_UNUSED_FUNCTION = YES;
				GCC_WARN_UNUSED_VARIABLE = YES;
				IPHONEOS_DEPLOYMENT_TARGET = 12.4;
				MTL_ENABLE_DEBUG_INFO = NO;
				MTL_FAST_MATH = YES;
				SDKROOT = iphoneos;
				SWIFT_COMPILATION_MODE = wholemodule;
				SWIFT_OPTIMIZATION_LEVEL = "-O";
				VALIDATE_PRODUCT = YES;
			};
			name = Release;
		};
		A9E47EE2230BA5E600A292ED /* Debug */ = {
			isa = XCBuildConfiguration;
			baseConfigurationReference = 23C3474BD0CB81C6272506EC /* Pods-ChatFirebase.debug.xcconfig */;
			buildSettings = {
				ASSETCATALOG_COMPILER_APPICON_NAME = AppIcon;
				CODE_SIGN_ENTITLEMENTS = ChatFirebase/ChatFirebase.entitlements;
				CODE_SIGN_STYLE = Automatic;
				DEVELOPMENT_TEAM = 3RKND3ZKAJ;
				INFOPLIST_FILE = ChatFirebase/Info.plist;
				LD_RUNPATH_SEARCH_PATHS = (
					"$(inherited)",
					"@executable_path/Frameworks",
				);
				PRODUCT_BUNDLE_IDENTIFIER = com.alejandro.ChatFirebase;
				PRODUCT_NAME = "$(TARGET_NAME)";
				SWIFT_VERSION = 5.0;
				TARGETED_DEVICE_FAMILY = "1,2";
			};
			name = Debug;
		};
		A9E47EE3230BA5E600A292ED /* Release */ = {
			isa = XCBuildConfiguration;
			baseConfigurationReference = 8F7F75DA06E96DD33E3CDDC1 /* Pods-ChatFirebase.release.xcconfig */;
			buildSettings = {
				ASSETCATALOG_COMPILER_APPICON_NAME = AppIcon;
				CODE_SIGN_ENTITLEMENTS = ChatFirebase/ChatFirebase.entitlements;
				CODE_SIGN_STYLE = Automatic;
				DEVELOPMENT_TEAM = 3RKND3ZKAJ;
				INFOPLIST_FILE = ChatFirebase/Info.plist;
				LD_RUNPATH_SEARCH_PATHS = (
					"$(inherited)",
					"@executable_path/Frameworks",
				);
				PRODUCT_BUNDLE_IDENTIFIER = com.alejandro.ChatFirebase;
				PRODUCT_NAME = "$(TARGET_NAME)";
				SWIFT_VERSION = 5.0;
				TARGETED_DEVICE_FAMILY = "1,2";
			};
			name = Release;
		};
/* End XCBuildConfiguration section */

/* Begin XCConfigurationList section */
		A9E47ECA230BA5E400A292ED /* Build configuration list for PBXProject "ChatFirebase" */ = {
			isa = XCConfigurationList;
			buildConfigurations = (
				A9E47EDF230BA5E600A292ED /* Debug */,
				A9E47EE0230BA5E600A292ED /* Release */,
			);
			defaultConfigurationIsVisible = 0;
			defaultConfigurationName = Release;
		};
		A9E47EE1230BA5E600A292ED /* Build configuration list for PBXNativeTarget "ChatFirebase" */ = {
			isa = XCConfigurationList;
			buildConfigurations = (
				A9E47EE2230BA5E600A292ED /* Debug */,
				A9E47EE3230BA5E600A292ED /* Release */,
			);
			defaultConfigurationIsVisible = 0;
			defaultConfigurationName = Release;
		};
/* End XCConfigurationList section */
	};
	rootObject = A9E47EC7230BA5E400A292ED /* Project object */;
}
